
Microsoft Visual Studio Solution File, Format Version 12.00
# Visual Studio Version 17
VisualStudioVersion = 17.5.33516.290
MinimumVisualStudioVersion = 10.0.40219.1
Project("{FAE04EC0-301F-11D3-BF4B-00C04F79EFBC}") = "PROG2EVA1juanrosas", "PROG2EVA1juanrosas\PROG2EVA1juanrosas.csproj", "{69728E64-043A-4422-A072-49A2708CA0AD}"
EndProject
Global
	GlobalSection(SolutionConfigurationPlatforms) = preSolution
		Debug|Any CPU = Debug|Any CPU
		Release|Any CPU = Release|Any CPU
	EndGlobalSection
	GlobalSection(ProjectConfigurationPlatforms) = postSolution
		{69728E64-043A-4422-A072-49A2708CA0AD}.Debug|Any CPU.ActiveCfg = Debug|Any CPU
		{69728E64-043A-4422-A072-49A2708CA0AD}.Debug|Any CPU.Build.0 = Debug|Any CPU
		{69728E64-043A-4422-A072-49A2708CA0AD}.Release|Any CPU.ActiveCfg = Release|Any CPU
		{69728E64-043A-4422-A072-49A2708CA0AD}.Release|Any CPU.Build.0 = Release|Any CPU
	EndGlobalSection
	GlobalSection(SolutionProperties) = preSolution
		HideSolutionNode = FALSE
	EndGlobalSection
	GlobalSection(ExtensibilityGlobals) = postSolution
		SolutionGuid = {11CB28D7-C72D-4D02-B924-F7A3D6AC9204}
	EndGlobalSection
EndGlobal
